
Microsoft Visual Studio Solution File, Format Version 12.00
# Visual Studio 15
VisualStudioVersion = 15.0.26430.12
MinimumVisualStudioVersion = 10.0.40219.1
Project("{FAE04EC0-301F-11D3-BF4B-00C04F79EFBC}") = "HeroChatClient.Android", "HeroChatClient\HeroChatClient.Android\HeroChatClient.Android.csproj", "{0069BCAF-1FFB-48D1-A00D-53BE07CF7357}"
EndProject
Project("{FAE04EC0-301F-11D3-BF4B-00C04F79EFBC}") = "HeroChatClient", "HeroChatClient\HeroChatClient\HeroChatClient.csproj", "{64A4D24D-3032-4DC6-AAD6-3C08867F8878}"
EndProject
Project("{FAE04EC0-301F-11D3-BF4B-00C04F79EFBC}") = "HeroChatClient.UWP", "HeroChatClient\HeroChatClient.UWP\HeroChatClient.UWP.csproj", "{535277B3-B9DE-43CA-B4FC-B300759AAE92}"
EndProject
Project("{FAE04EC0-301F-11D3-BF4B-00C04F79EFBC}") = "HeroChatClient.iOS", "HeroChatClient\HeroChatClient.iOS\HeroChatClient.iOS.csproj", "{7F0D4F1B-B890-4311-ACDF-DC3C1B31B7FB}"
EndProject
Global
	GlobalSection(SolutionConfigurationPlatforms) = preSolution
		Ad-Hoc|Any CPU = Ad-Hoc|Any CPU
		Ad-Hoc|ARM = Ad-Hoc|ARM
		Ad-Hoc|iPhone = Ad-Hoc|iPhone
		Ad-Hoc|iPhoneSimulator = Ad-Hoc|iPhoneSimulator
		Ad-Hoc|x64 = Ad-Hoc|x64
		Ad-Hoc|x86 = Ad-Hoc|x86
		AppStore|Any CPU = AppStore|Any CPU
		AppStore|ARM = AppStore|ARM
		AppStore|iPhone = AppStore|iPhone
		AppStore|iPhoneSimulator = AppStore|iPhoneSimulator
		AppStore|x64 = AppStore|x64
		AppStore|x86 = AppStore|x86
		Debug|Any CPU = Debug|Any CPU
		Debug|ARM = Debug|ARM
		Debug|iPhone = Debug|iPhone
		Debug|iPhoneSimulator = Debug|iPhoneSimulator
		Debug|x64 = Debug|x64
		Debug|x86 = Debug|x86
		Release|Any CPU = Release|Any CPU
		Release|ARM = Release|ARM
		Release|iPhone = Release|iPhone
		Release|iPhoneSimulator = Release|iPhoneSimulator
		Release|x64 = Release|x64
		Release|x86 = Release|x86
	EndGlobalSection
	GlobalSection(ProjectConfigurationPlatforms) = postSolution
		{0069BCAF-1FFB-48D1-A00D-53BE07CF7357}.Ad-Hoc|Any CPU.ActiveCfg = Release|Any CPU
		{0069BCAF-1FFB-48D1-A00D-53BE07CF7357}.Ad-Hoc|Any CPU.Build.0 = Release|Any CPU
		{0069BCAF-1FFB-48D1-A00D-53BE07CF7357}.Ad-Hoc|Any CPU.Deploy.0 = Release|Any CPU
		{0069BCAF-1FFB-48D1-A00D-53BE07CF7357}.Ad-Hoc|ARM.ActiveCfg = Release|Any CPU
		{0069BCAF-1FFB-48D1-A00D-53BE07CF7357}.Ad-Hoc|ARM.Build.0 = Release|Any CPU
		{0069BCAF-1FFB-48D1-A00D-53BE07CF7357}.Ad-Hoc|ARM.Deploy.0 = Release|Any CPU
		{0069BCAF-1FFB-48D1-A00D-53BE07CF7357}.Ad-Hoc|iPhone.ActiveCfg = Release|Any CPU
		{0069BCAF-1FFB-48D1-A00D-53BE07CF7357}.Ad-Hoc|iPhone.Build.0 = Release|Any CPU
		{0069BCAF-1FFB-48D1-A00D-53BE07CF7357}.Ad-Hoc|iPhone.Deploy.0 = Release|Any CPU
		{0069BCAF-1FFB-48D1-A00D-53BE07CF7357}.Ad-Hoc|iPhoneSimulator.ActiveCfg = Release|Any CPU
		{0069BCAF-1FFB-48D1-A00D-53BE07CF7357}.Ad-Hoc|iPhoneSimulator.Build.0 = Release|Any CPU
		{0069BCAF-1FFB-48D1-A00D-53BE07CF7357}.Ad-Hoc|iPhoneSimulator.Deploy.0 = Release|Any CPU
		{0069BCAF-1FFB-48D1-A00D-53BE07CF7357}.Ad-Hoc|x64.ActiveCfg = Release|Any CPU
		{0069BCAF-1FFB-48D1-A00D-53BE07CF7357}.Ad-Hoc|x64.Build.0 = Release|Any CPU
		{0069BCAF-1FFB-48D1-A00D-53BE07CF7357}.Ad-Hoc|x64.Deploy.0 = Release|Any CPU
		{0069BCAF-1FFB-48D1-A00D-53BE07CF7357}.Ad-Hoc|x86.ActiveCfg = Release|Any CPU
		{0069BCAF-1FFB-48D1-A00D-53BE07CF7357}.Ad-Hoc|x86.Build.0 = Release|Any CPU
		{0069BCAF-1FFB-48D1-A00D-53BE07CF7357}.Ad-Hoc|x86.Deploy.0 = Release|Any CPU
		{0069BCAF-1FFB-48D1-A00D-53BE07CF7357}.AppStore|Any CPU.ActiveCfg = Release|Any CPU
		{0069BCAF-1FFB-48D1-A00D-53BE07CF7357}.AppStore|Any CPU.Build.0 = Release|Any CPU
		{0069BCAF-1FFB-48D1-A00D-53BE07CF7357}.AppStore|Any CPU.Deploy.0 = Release|Any CPU
		{0069BCAF-1FFB-48D1-A00D-53BE07CF7357}.AppStore|ARM.ActiveCfg = Release|Any CPU
		{0069BCAF-1FFB-48D1-A00D-53BE07CF7357}.AppStore|ARM.Build.0 = Release|Any CPU
		{0069BCAF-1FFB-48D1-A00D-53BE07CF7357}.AppStore|ARM.Deploy.0 = Release|Any CPU
		{0069BCAF-1FFB-48D1-A00D-53BE07CF7357}.AppStore|iPhone.ActiveCfg = Release|Any CPU
		{0069BCAF-1FFB-48D1-A00D-53BE07CF7357}.AppStore|iPhone.Build.0 = Release|Any CPU
		{0069BCAF-1FFB-48D1-A00D-53BE07CF7357}.AppStore|iPhone.Deploy.0 = Release|Any CPU
		{0069BCAF-1FFB-48D1-A00D-53BE07CF7357}.AppStore|iPhoneSimulator.ActiveCfg = Release|Any CPU
		{0069BCAF-1FFB-48D1-A00D-53BE07CF7357}.AppStore|iPhoneSimulator.Build.0 = Release|Any CPU
		{0069BCAF-1FFB-48D1-A00D-53BE07CF7357}.AppStore|iPhoneSimulator.Deploy.0 = Release|Any CPU
		{0069BCAF-1FFB-48D1-A00D-53BE07CF7357}.AppStore|x64.ActiveCfg = Release|Any CPU
		{0069BCAF-1FFB-48D1-A00D-53BE07CF7357}.AppStore|x64.Build.0 = Release|Any CPU
		{0069BCAF-1FFB-48D1-A00D-53BE07CF7357}.AppStore|x64.Deploy.0 = Release|Any CPU
		{0069BCAF-1FFB-48D1-A00D-53BE07CF7357}.AppStore|x86.ActiveCfg = Release|Any CPU
		{0069BCAF-1FFB-48D1-A00D-53BE07CF7357}.AppStore|x86.Build.0 = Release|Any CPU
		{0069BCAF-1FFB-48D1-A00D-53BE07CF7357}.AppStore|x86.Deploy.0 = Release|Any CPU
		{0069BCAF-1FFB-48D1-A00D-53BE07CF7357}.Debug|Any CPU.ActiveCfg = Debug|Any CPU
		{0069BCAF-1FFB-48D1-A00D-53BE07CF7357}.Debug|Any CPU.Build.0 = Debug|Any CPU
		{0069BCAF-1FFB-48D1-A00D-53BE07CF7357}.Debug|Any CPU.Deploy.0 = Debug|Any CPU
		{0069BCAF-1FFB-48D1-A00D-53BE07CF7357}.Debug|ARM.ActiveCfg = Debug|Any CPU
		{0069BCAF-1FFB-48D1-A00D-53BE07CF7357}.Debug|ARM.Build.0 = Debug|Any CPU
		{0069BCAF-1FFB-48D1-A00D-53BE07CF7357}.Debug|ARM.Deploy.0 = Debug|Any CPU
		{0069BCAF-1FFB-48D1-A00D-53BE07CF7357}.Debug|iPhone.ActiveCfg = Debug|Any CPU
		{0069BCAF-1FFB-48D1-A00D-53BE07CF7357}.Debug|iPhone.Build.0 = Debug|Any CPU
		{0069BCAF-1FFB-48D1-A00D-53BE07CF7357}.Debug|iPhone.Deploy.0 = Debug|Any CPU
		{0069BCAF-1FFB-48D1-A00D-53BE07CF7357}.Debug|iPhoneSimulator.ActiveCfg = Debug|Any CPU
		{0069BCAF-1FFB-48D1-A00D-53BE07CF7357}.Debug|iPhoneSimulator.Build.0 = Debug|Any CPU
		{0069BCAF-1FFB-48D1-A00D-53BE07CF7357}.Debug|iPhoneSimulator.Deploy.0 = Debug|Any CPU
		{0069BCAF-1FFB-48D1-A00D-53BE07CF7357}.Debug|x64.ActiveCfg = Debug|Any CPU
		{0069BCAF-1FFB-48D1-A00D-53BE07CF7357}.Debug|x64.Build.0 = Debug|Any CPU
		{0069BCAF-1FFB-48D1-A00D-53BE07CF7357}.Debug|x64.Deploy.0 = Debug|Any CPU
		{0069BCAF-1FFB-48D1-A00D-53BE07CF7357}.Debug|x86.ActiveCfg = Debug|Any CPU
		{0069BCAF-1FFB-48D1-A00D-53BE07CF7357}.Debug|x86.Build.0 = Debug|Any CPU
		{0069BCAF-1FFB-48D1-A00D-53BE07CF7357}.Debug|x86.Deploy.0 = Debug|Any CPU
		{0069BCAF-1FFB-48D1-A00D-53BE07CF7357}.Release|Any CPU.ActiveCfg = Release|Any CPU
		{0069BCAF-1FFB-48D1-A00D-53BE07CF7357}.Release|Any CPU.Build.0 = Release|Any CPU
		{0069BCAF-1FFB-48D1-A00D-53BE07CF7357}.Release|Any CPU.Deploy.0 = Release|Any CPU
		{0069BCAF-1FFB-48D1-A00D-53BE07CF7357}.Release|ARM.ActiveCfg = Release|Any CPU
		{0069BCAF-1FFB-48D1-A00D-53BE07CF7357}.Release|ARM.Build.0 = Release|Any CPU
		{0069BCAF-1FFB-48D1-A00D-53BE07CF7357}.Release|ARM.Deploy.0 = Release|Any CPU
		{0069BCAF-1FFB-48D1-A00D-53BE07CF7357}.Release|iPhone.ActiveCfg = Release|Any CPU
		{0069BCAF-1FFB-48D1-A00D-53BE07CF7357}.Release|iPhone.Build.0 = Release|Any CPU
		{0069BCAF-1FFB-48D1-A00D-53BE07CF7357}.Release|iPhone.Deploy.0 = Release|Any CPU
		{0069BCAF-1FFB-48D1-A00D-53BE07CF7357}.Release|iPhoneSimulator.ActiveCfg = Release|Any CPU
		{0069BCAF-1FFB-48D1-A00D-53BE07CF7357}.Release|iPhoneSimulator.Build.0 = Release|Any CPU
		{0069BCAF-1FFB-48D1-A00D-53BE07CF7357}.Release|iPhoneSimulator.Deploy.0 = Release|Any CPU
		{0069BCAF-1FFB-48D1-A00D-53BE07CF7357}.Release|x64.ActiveCfg = Release|Any CPU
		{0069BCAF-1FFB-48D1-A00D-53BE07CF7357}.Release|x64.Build.0 = Release|Any CPU
		{0069BCAF-1FFB-48D1-A00D-53BE07CF7357}.Release|x64.Deploy.0 = Release|Any CPU
		{0069BCAF-1FFB-48D1-A00D-53BE07CF7357}.Release|x86.ActiveCfg = Release|Any CPU
		{0069BCAF-1FFB-48D1-A00D-53BE07CF7357}.Release|x86.Build.0 = Release|Any CPU
		{0069BCAF-1FFB-48D1-A00D-53BE07CF7357}.Release|x86.Deploy.0 = Release|Any CPU
		{64A4D24D-3032-4DC6-AAD6-3C08867F8878}.Ad-Hoc|Any CPU.ActiveCfg = Release|Any CPU
		{64A4D24D-3032-4DC6-AAD6-3C08867F8878}.Ad-Hoc|Any CPU.Build.0 = Release|Any CPU
		{64A4D24D-3032-4DC6-AAD6-3C08867F8878}.Ad-Hoc|ARM.ActiveCfg = Release|Any CPU
		{64A4D24D-3032-4DC6-AAD6-3C08867F8878}.Ad-Hoc|ARM.Build.0 = Release|Any CPU
		{64A4D24D-3032-4DC6-AAD6-3C08867F8878}.Ad-Hoc|iPhone.ActiveCfg = Release|Any CPU
		{64A4D24D-3032-4DC6-AAD6-3C08867F8878}.Ad-Hoc|iPhone.Build.0 = Release|Any CPU
		{64A4D24D-3032-4DC6-AAD6-3C08867F8878}.Ad-Hoc|iPhoneSimulator.ActiveCfg = Release|Any CPU
		{64A4D24D-3032-4DC6-AAD6-3C08867F8878}.Ad-Hoc|iPhoneSimulator.Build.0 = Release|Any CPU
		{64A4D24D-3032-4DC6-AAD6-3C08867F8878}.Ad-Hoc|x64.ActiveCfg = Release|Any CPU
		{64A4D24D-3032-4DC6-AAD6-3C08867F8878}.Ad-Hoc|x64.Build.0 = Release|Any CPU
		{64A4D24D-3032-4DC6-AAD6-3C08867F8878}.Ad-Hoc|x86.ActiveCfg = Release|Any CPU
		{64A4D24D-3032-4DC6-AAD6-3C08867F8878}.Ad-Hoc|x86.Build.0 = Release|Any CPU
		{64A4D24D-3032-4DC6-AAD6-3C08867F8878}.AppStore|Any CPU.ActiveCfg = Release|Any CPU
		{64A4D24D-3032-4DC6-AAD6-3C08867F8878}.AppStore|Any CPU.Build.0 = Release|Any CPU
		{64A4D24D-3032-4DC6-AAD6-3C08867F8878}.AppStore|ARM.ActiveCfg = Release|Any CPU
		{64A4D24D-3032-4DC6-AAD6-3C08867F8878}.AppStore|ARM.Build.0 = Release|Any CPU
		{64A4D24D-3032-4DC6-AAD6-3C08867F8878}.AppStore|iPhone.ActiveCfg = Release|Any CPU
		{64A4D24D-3032-4DC6-AAD6-3C08867F8878}.AppStore|iPhone.Build.0 = Release|Any CPU
		{64A4D24D-3032-4DC6-AAD6-3C08867F8878}.AppStore|iPhoneSimulator.ActiveCfg = Release|Any CPU
		{64A4D24D-3032-4DC6-AAD6-3C08867F8878}.AppStore|iPhoneSimulator.Build.0 = Release|Any CPU
		{64A4D24D-3032-4DC6-AAD6-3C08867F8878}.AppStore|x64.ActiveCfg = Release|Any CPU
		{64A4D24D-3032-4DC6-AAD6-3C08867F8878}.AppStore|x64.Build.0 = Release|Any CPU
		{64A4D24D-3032-4DC6-AAD6-3C08867F8878}.AppStore|x86.ActiveCfg = Release|Any CPU
		{64A4D24D-3032-4DC6-AAD6-3C08867F8878}.AppStore|x86.Build.0 = Release|Any CPU
		{64A4D24D-3032-4DC6-AAD6-3C08867F8878}.Debug|Any CPU.ActiveCfg = Debug|Any CPU
		{64A4D24D-3032-4DC6-AAD6-3C08867F8878}.Debug|Any CPU.Build.0 = Debug|Any CPU
		{64A4D24D-3032-4DC6-AAD6-3C08867F8878}.Debug|ARM.ActiveCfg = Debug|Any CPU
		{64A4D24D-3032-4DC6-AAD6-3C08867F8878}.Debug|ARM.Build.0 = Debug|Any CPU
		{64A4D24D-3032-4DC6-AAD6-3C08867F8878}.Debug|iPhone.ActiveCfg = Debug|Any CPU
		{64A4D24D-3032-4DC6-AAD6-3C08867F8878}.Debug|iPhone.Build.0 = Debug|Any CPU
		{64A4D24D-3032-4DC6-AAD6-3C08867F8878}.Debug|iPhoneSimulator.ActiveCfg = Debug|Any CPU
		{64A4D24D-3032-4DC6-AAD6-3C08867F8878}.Debug|iPhoneSimulator.Build.0 = Debug|Any CPU
		{64A4D24D-3032-4DC6-AAD6-3C08867F8878}.Debug|x64.ActiveCfg = Debug|Any CPU
		{64A4D24D-3032-4DC6-AAD6-3C08867F8878}.Debug|x64.Build.0 = Debug|Any CPU
		{64A4D24D-3032-4DC6-AAD6-3C08867F8878}.Debug|x86.ActiveCfg = Debug|Any CPU
		{64A4D24D-3032-4DC6-AAD6-3C08867F8878}.Debug|x86.Build.0 = Debug|Any CPU
		{64A4D24D-3032-4DC6-AAD6-3C08867F8878}.Release|Any CPU.ActiveCfg = Release|Any CPU
		{64A4D24D-3032-4DC6-AAD6-3C08867F8878}.Release|Any CPU.Build.0 = Release|Any CPU
		{64A4D24D-3032-4DC6-AAD6-3C08867F8878}.Release|ARM.ActiveCfg = Release|Any CPU
		{64A4D24D-3032-4DC6-AAD6-3C08867F8878}.Release|ARM.Build.0 = Release|Any CPU
		{64A4D24D-3032-4DC6-AAD6-3C08867F8878}.Release|iPhone.ActiveCfg = Release|Any CPU
		{64A4D24D-3032-4DC6-AAD6-3C08867F8878}.Release|iPhone.Build.0 = Release|Any CPU
		{64A4D24D-3032-4DC6-AAD6-3C08867F8878}.Release|iPhoneSimulator.ActiveCfg = Release|Any CPU
		{64A4D24D-3032-4DC6-AAD6-3C08867F8878}.Release|iPhoneSimulator.Build.0 = Release|Any CPU
		{64A4D24D-3032-4DC6-AAD6-3C08867F8878}.Release|x64.ActiveCfg = Release|Any CPU
		{64A4D24D-3032-4DC6-AAD6-3C08867F8878}.Release|x64.Build.0 = Release|Any CPU
		{64A4D24D-3032-4DC6-AAD6-3C08867F8878}.Release|x86.ActiveCfg = Release|Any CPU
		{64A4D24D-3032-4DC6-AAD6-3C08867F8878}.Release|x86.Build.0 = Release|Any CPU
		{535277B3-B9DE-43CA-B4FC-B300759AAE92}.Ad-Hoc|Any CPU.ActiveCfg = Release|x86
		{535277B3-B9DE-43CA-B4FC-B300759AAE92}.Ad-Hoc|Any CPU.Build.0 = Release|x86
		{535277B3-B9DE-43CA-B4FC-B300759AAE92}.Ad-Hoc|Any CPU.Deploy.0 = Release|x86
		{535277B3-B9DE-43CA-B4FC-B300759AAE92}.Ad-Hoc|ARM.ActiveCfg = Release|ARM
		{535277B3-B9DE-43CA-B4FC-B300759AAE92}.Ad-Hoc|ARM.Build.0 = Release|ARM
		{535277B3-B9DE-43CA-B4FC-B300759AAE92}.Ad-Hoc|ARM.Deploy.0 = Release|ARM
		{535277B3-B9DE-43CA-B4FC-B300759AAE92}.Ad-Hoc|iPhone.ActiveCfg = Release|x86
		{535277B3-B9DE-43CA-B4FC-B300759AAE92}.Ad-Hoc|iPhone.Build.0 = Release|x86
		{535277B3-B9DE-43CA-B4FC-B300759AAE92}.Ad-Hoc|iPhone.Deploy.0 = Release|x86
		{535277B3-B9DE-43CA-B4FC-B300759AAE92}.Ad-Hoc|iPhoneSimulator.ActiveCfg = Release|x86
		{535277B3-B9DE-43CA-B4FC-B300759AAE92}.Ad-Hoc|iPhoneSimulator.Build.0 = Release|x86
		{535277B3-B9DE-43CA-B4FC-B300759AAE92}.Ad-Hoc|iPhoneSimulator.Deploy.0 = Release|x86
		{535277B3-B9DE-43CA-B4FC-B300759AAE92}.Ad-Hoc|x64.ActiveCfg = Release|x64
		{535277B3-B9DE-43CA-B4FC-B300759AAE92}.Ad-Hoc|x64.Build.0 = Release|x64
		{535277B3-B9DE-43CA-B4FC-B300759AAE92}.Ad-Hoc|x64.Deploy.0 = Release|x64
		{535277B3-B9DE-43CA-B4FC-B300759AAE92}.Ad-Hoc|x86.ActiveCfg = Release|x86
		{535277B3-B9DE-43CA-B4FC-B300759AAE92}.Ad-Hoc|x86.Build.0 = Release|x86
		{535277B3-B9DE-43CA-B4FC-B300759AAE92}.Ad-Hoc|x86.Deploy.0 = Release|x86
		{535277B3-B9DE-43CA-B4FC-B300759AAE92}.AppStore|Any CPU.ActiveCfg = Release|x86
		{535277B3-B9DE-43CA-B4FC-B300759AAE92}.AppStore|Any CPU.Build.0 = Release|x86
		{535277B3-B9DE-43CA-B4FC-B300759AAE92}.AppStore|Any CPU.Deploy.0 = Release|x86
		{535277B3-B9DE-43CA-B4FC-B300759AAE92}.AppStore|ARM.ActiveCfg = Release|ARM
		{535277B3-B9DE-43CA-B4FC-B300759AAE92}.AppStore|ARM.Build.0 = Release|ARM
		{535277B3-B9DE-43CA-B4FC-B300759AAE92}.AppStore|ARM.Deploy.0 = Release|ARM
		{535277B3-B9DE-43CA-B4FC-B300759AAE92}.AppStore|iPhone.ActiveCfg = Release|x86
		{535277B3-B9DE-43CA-B4FC-B300759AAE92}.AppStore|iPhone.Build.0 = Release|x86
		{535277B3-B9DE-43CA-B4FC-B300759AAE92}.AppStore|iPhone.Deploy.0 = Release|x86
		{535277B3-B9DE-43CA-B4FC-B300759AAE92}.AppStore|iPhoneSimulator.ActiveCfg = Release|x86
		{535277B3-B9DE-43CA-B4FC-B300759AAE92}.AppStore|iPhoneSimulator.Build.0 = Release|x86
		{535277B3-B9DE-43CA-B4FC-B300759AAE92}.AppStore|iPhoneSimulator.Deploy.0 = Release|x86
		{535277B3-B9DE-43CA-B4FC-B300759AAE92}.AppStore|x64.ActiveCfg = Release|x64
		{535277B3-B9DE-43CA-B4FC-B300759AAE92}.AppStore|x64.Build.0 = Release|x64
		{535277B3-B9DE-43CA-B4FC-B300759AAE92}.AppStore|x64.Deploy.0 = Release|x64
		{535277B3-B9DE-43CA-B4FC-B300759AAE92}.AppStore|x86.ActiveCfg = Release|x86
		{535277B3-B9DE-43CA-B4FC-B300759AAE92}.AppStore|x86.Build.0 = Release|x86
		{535277B3-B9DE-43CA-B4FC-B300759AAE92}.AppStore|x86.Deploy.0 = Release|x86
		{535277B3-B9DE-43CA-B4FC-B300759AAE92}.Debug|Any CPU.ActiveCfg = Debug|x86
		{535277B3-B9DE-43CA-B4FC-B300759AAE92}.Debug|ARM.ActiveCfg = Debug|ARM
		{535277B3-B9DE-43CA-B4FC-B300759AAE92}.Debug|ARM.Build.0 = Debug|ARM
		{535277B3-B9DE-43CA-B4FC-B300759AAE92}.Debug|ARM.Deploy.0 = Debug|ARM
		{535277B3-B9DE-43CA-B4FC-B300759AAE92}.Debug|iPhone.ActiveCfg = Debug|x86
		{535277B3-B9DE-43CA-B4FC-B300759AAE92}.Debug|iPhoneSimulator.ActiveCfg = Debug|x86
		{535277B3-B9DE-43CA-B4FC-B300759AAE92}.Debug|x64.ActiveCfg = Debug|x64
		{535277B3-B9DE-43CA-B4FC-B300759AAE92}.Debug|x64.Build.0 = Debug|x64
		{535277B3-B9DE-43CA-B4FC-B300759AAE92}.Debug|x64.Deploy.0 = Debug|x64
		{535277B3-B9DE-43CA-B4FC-B300759AAE92}.Debug|x86.ActiveCfg = Debug|x86
		{535277B3-B9DE-43CA-B4FC-B300759AAE92}.Debug|x86.Build.0 = Debug|x86
		{535277B3-B9DE-43CA-B4FC-B300759AAE92}.Debug|x86.Deploy.0 = Debug|x86
		{535277B3-B9DE-43CA-B4FC-B300759AAE92}.Release|Any CPU.ActiveCfg = Release|x86
		{535277B3-B9DE-43CA-B4FC-B300759AAE92}.Release|ARM.ActiveCfg = Release|ARM
		{535277B3-B9DE-43CA-B4FC-B300759AAE92}.Release|ARM.Build.0 = Release|ARM
		{535277B3-B9DE-43CA-B4FC-B300759AAE92}.Release|ARM.Deploy.0 = Release|ARM
		{535277B3-B9DE-43CA-B4FC-B300759AAE92}.Release|iPhone.ActiveCfg = Release|x86
		{535277B3-B9DE-43CA-B4FC-B300759AAE92}.Release|iPhoneSimulator.ActiveCfg = Release|x86
		{535277B3-B9DE-43CA-B4FC-B300759AAE92}.Release|x64.ActiveCfg = Release|x64
		{535277B3-B9DE-43CA-B4FC-B300759AAE92}.Release|x64.Build.0 = Release|x64
		{535277B3-B9DE-43CA-B4FC-B300759AAE92}.Release|x64.Deploy.0 = Release|x64
		{535277B3-B9DE-43CA-B4FC-B300759AAE92}.Release|x86.ActiveCfg = Release|x86
		{535277B3-B9DE-43CA-B4FC-B300759AAE92}.Release|x86.Build.0 = Release|x86
		{535277B3-B9DE-43CA-B4FC-B300759AAE92}.Release|x86.Deploy.0 = Release|x86
		{7F0D4F1B-B890-4311-ACDF-DC3C1B31B7FB}.Ad-Hoc|Any CPU.ActiveCfg = Ad-Hoc|iPhone
		{7F0D4F1B-B890-4311-ACDF-DC3C1B31B7FB}.Ad-Hoc|ARM.ActiveCfg = Ad-Hoc|iPhone
		{7F0D4F1B-B890-4311-ACDF-DC3C1B31B7FB}.Ad-Hoc|iPhone.ActiveCfg = Ad-Hoc|iPhone
		{7F0D4F1B-B890-4311-ACDF-DC3C1B31B7FB}.Ad-Hoc|iPhone.Build.0 = Ad-Hoc|iPhone
		{7F0D4F1B-B890-4311-ACDF-DC3C1B31B7FB}.Ad-Hoc|iPhoneSimulator.ActiveCfg = Ad-Hoc|iPhoneSimulator
		{7F0D4F1B-B890-4311-ACDF-DC3C1B31B7FB}.Ad-Hoc|iPhoneSimulator.Build.0 = Ad-Hoc|iPhoneSimulator
		{7F0D4F1B-B890-4311-ACDF-DC3C1B31B7FB}.Ad-Hoc|x64.ActiveCfg = Ad-Hoc|iPhone
		{7F0D4F1B-B890-4311-ACDF-DC3C1B31B7FB}.Ad-Hoc|x86.ActiveCfg = Ad-Hoc|iPhone
		{7F0D4F1B-B890-4311-ACDF-DC3C1B31B7FB}.AppStore|Any CPU.ActiveCfg = AppStore|iPhone
		{7F0D4F1B-B890-4311-ACDF-DC3C1B31B7FB}.AppStore|ARM.ActiveCfg = AppStore|iPhone
		{7F0D4F1B-B890-4311-ACDF-DC3C1B31B7FB}.AppStore|iPhone.ActiveCfg = AppStore|iPhone
		{7F0D4F1B-B890-4311-ACDF-DC3C1B31B7FB}.AppStore|iPhone.Build.0 = AppStore|iPhone
		{7F0D4F1B-B890-4311-ACDF-DC3C1B31B7FB}.AppStore|iPhoneSimulator.ActiveCfg = AppStore|iPhoneSimulator
		{7F0D4F1B-B890-4311-ACDF-DC3C1B31B7FB}.AppStore|iPhoneSimulator.Build.0 = AppStore|iPhoneSimulator
		{7F0D4F1B-B890-4311-ACDF-DC3C1B31B7FB}.AppStore|x64.ActiveCfg = AppStore|iPhone
		{7F0D4F1B-B890-4311-ACDF-DC3C1B31B7FB}.AppStore|x86.ActiveCfg = AppStore|iPhone
		{7F0D4F1B-B890-4311-ACDF-DC3C1B31B7FB}.Debug|Any CPU.ActiveCfg = Debug|iPhone
		{7F0D4F1B-B890-4311-ACDF-DC3C1B31B7FB}.Debug|ARM.ActiveCfg = Debug|iPhone
		{7F0D4F1B-B890-4311-ACDF-DC3C1B31B7FB}.Debug|iPhone.ActiveCfg = Debug|iPhone
		{7F0D4F1B-B890-4311-ACDF-DC3C1B31B7FB}.Debug|iPhone.Build.0 = Debug|iPhone
		{7F0D4F1B-B890-4311-ACDF-DC3C1B31B7FB}.Debug|iPhoneSimulator.ActiveCfg = Debug|iPhoneSimulator
		{7F0D4F1B-B890-4311-ACDF-DC3C1B31B7FB}.Debug|iPhoneSimulator.Build.0 = Debug|iPhoneSimulator
		{7F0D4F1B-B890-4311-ACDF-DC3C1B31B7FB}.Debug|x64.ActiveCfg = Debug|iPhone
		{7F0D4F1B-B890-4311-ACDF-DC3C1B31B7FB}.Debug|x86.ActiveCfg = Debug|iPhone
		{7F0D4F1B-B890-4311-ACDF-DC3C1B31B7FB}.Release|Any CPU.ActiveCfg = Release|iPhone
		{7F0D4F1B-B890-4311-ACDF-DC3C1B31B7FB}.Release|ARM.ActiveCfg = Release|iPhone
		{7F0D4F1B-B890-4311-ACDF-DC3C1B31B7FB}.Release|iPhone.ActiveCfg = Release|iPhone
		{7F0D4F1B-B890-4311-ACDF-DC3C1B31B7FB}.Release|iPhone.Build.0 = Release|iPhone
		{7F0D4F1B-B890-4311-ACDF-DC3C1B31B7FB}.Release|iPhoneSimulator.ActiveCfg = Release|iPhoneSimulator
		{7F0D4F1B-B890-4311-ACDF-DC3C1B31B7FB}.Release|iPhoneSimulator.Build.0 = Release|iPhoneSimulator
		{7F0D4F1B-B890-4311-ACDF-DC3C1B31B7FB}.Release|x64.ActiveCfg = Release|iPhone
		{7F0D4F1B-B890-4311-ACDF-DC3C1B31B7FB}.Release|x86.ActiveCfg = Release|iPhone
	EndGlobalSection
	GlobalSection(SolutionProperties) = preSolution
		HideSolutionNode = FALSE
	EndGlobalSection
EndGlobal
